
Microsoft Visual Studio Solution File, Format Version 12.00
# Visual Studio Version 17
VisualStudioVersion = 17.11.35312.102
MinimumVisualStudioVersion = 10.0.40219.1
Project("{FAE04EC0-301F-11D3-BF4B-00C04F79EFBC}") = "adepoju-allen-a1-rpg", "adepoju-allen-a1-rpg.csproj", "{F5A566AB-D907-476F-94BD-E31DCD0F4479}"
EndProject
Global
	GlobalSection(SolutionConfigurationPlatforms) = preSolution
		Debug|Any CPU = Debug|Any CPU
		Release|Any CPU = Release|Any CPU
	EndGlobalSection
	GlobalSection(ProjectConfigurationPlatforms) = postSolution
		{F5A566AB-D907-476F-94BD-E31DCD0F4479}.Debug|Any CPU.ActiveCfg = Debug|Any CPU
		{F5A566AB-D907-476F-94BD-E31DCD0F4479}.Debug|Any CPU.Build.0 = Debug|Any CPU
		{F5A566AB-D907-476F-94BD-E31DCD0F4479}.Release|Any CPU.ActiveCfg = Release|Any CPU
		{F5A566AB-D907-476F-94BD-E31DCD0F4479}.Release|Any CPU.Build.0 = Release|Any CPU
	EndGlobalSection
	GlobalSection(SolutionProperties) = preSolution
		HideSolutionNode = FALSE
	EndGlobalSection
	GlobalSection(ExtensibilityGlobals) = postSolution
		SolutionGuid = {88A41BB6-77C7-43C1-A2F7-393EAD05E3D2}
	EndGlobalSection
EndGlobal
